
Microsoft Visual Studio Solution File, Format Version 12.00
# Visual Studio Version 16
VisualStudioVersion = 16.0.30621.155
MinimumVisualStudioVersion = 10.0.40219.1
Project("{FAE04EC0-301F-11D3-BF4B-00C04F79EFBC}") = "Lista-de-Tarefas", "Lista-de-Tarefas.csproj", "{8E182731-43F5-4824-B1B1-DBF3631D61BF}"
EndProject
Global
	GlobalSection(SolutionConfigurationPlatforms) = preSolution
		Debug|Any CPU = Debug|Any CPU
		Release|Any CPU = Release|Any CPU
	EndGlobalSection
	GlobalSection(ProjectConfigurationPlatforms) = postSolution
		{8E182731-43F5-4824-B1B1-DBF3631D61BF}.Debug|Any CPU.ActiveCfg = Debug|Any CPU
		{8E182731-43F5-4824-B1B1-DBF3631D61BF}.Debug|Any CPU.Build.0 = Debug|Any CPU
		{8E182731-43F5-4824-B1B1-DBF3631D61BF}.Release|Any CPU.ActiveCfg = Release|Any CPU
		{8E182731-43F5-4824-B1B1-DBF3631D61BF}.Release|Any CPU.Build.0 = Release|Any CPU
	EndGlobalSection
	GlobalSection(SolutionProperties) = preSolution
		HideSolutionNode = FALSE
	EndGlobalSection
	GlobalSection(ExtensibilityGlobals) = postSolution
		SolutionGuid = {F2783904-28E8-46FB-8EC5-CD2118CD3E5F}
	EndGlobalSection
EndGlobal
